
Microsoft Visual Studio Solution File, Format Version 12.00
# Visual Studio Version 16
VisualStudioVersion = 16.0.31129.286
MinimumVisualStudioVersion = 10.0.40219.1
Project("{FAE04EC0-301F-11D3-BF4B-00C04F79EFBC}") = "WebSearchRefactorExercise", "WebSearchRefactorExercise.csproj", "{E40AE8AF-D5B2-49F8-972D-26C218B84D7A}"
EndProject
Global
	GlobalSection(SolutionConfigurationPlatforms) = preSolution
		Debug|Any CPU = Debug|Any CPU
		Release|Any CPU = Release|Any CPU
	EndGlobalSection
	GlobalSection(ProjectConfigurationPlatforms) = postSolution
		{E40AE8AF-D5B2-49F8-972D-26C218B84D7A}.Debug|Any CPU.ActiveCfg = Debug|Any CPU
		{E40AE8AF-D5B2-49F8-972D-26C218B84D7A}.Debug|Any CPU.Build.0 = Debug|Any CPU
		{E40AE8AF-D5B2-49F8-972D-26C218B84D7A}.Release|Any CPU.ActiveCfg = Release|Any CPU
		{E40AE8AF-D5B2-49F8-972D-26C218B84D7A}.Release|Any CPU.Build.0 = Release|Any CPU
	EndGlobalSection
	GlobalSection(SolutionProperties) = preSolution
		HideSolutionNode = FALSE
	EndGlobalSection
	GlobalSection(ExtensibilityGlobals) = postSolution
		SolutionGuid = {990BDF48-2A09-4324-A761-DEC9927601E6}
	EndGlobalSection
EndGlobal
